
Microsoft Visual Studio Solution File, Format Version 12.00
# Visual Studio Express 15 for Windows Desktop
VisualStudioVersion = 15.0.28010.2026
MinimumVisualStudioVersion = 10.0.40219.1
Project("{FAE04EC0-301F-11D3-BF4B-00C04F79EFBC}") = "Entidades", "Entidades\Entidades.csproj", "{BFAB2C81-0C70-404B-8CE4-71599CF6AECC}"
EndProject
Project("{FAE04EC0-301F-11D3-BF4B-00C04F79EFBC}") = "MiCalculadora", "MiCalculadora\MiCalculadora.csproj", "{46A36301-B93A-40E9-82D3-E3EC8178AD0D}"
EndProject
Global
	GlobalSection(SolutionConfigurationPlatforms) = preSolution
		Debug|Any CPU = Debug|Any CPU
		Release|Any CPU = Release|Any CPU
	EndGlobalSection
	GlobalSection(ProjectConfigurationPlatforms) = postSolution
		{BFAB2C81-0C70-404B-8CE4-71599CF6AECC}.Debug|Any CPU.ActiveCfg = Debug|Any CPU
		{BFAB2C81-0C70-404B-8CE4-71599CF6AECC}.Debug|Any CPU.Build.0 = Debug|Any CPU
		{BFAB2C81-0C70-404B-8CE4-71599CF6AECC}.Release|Any CPU.ActiveCfg = Release|Any CPU
		{BFAB2C81-0C70-404B-8CE4-71599CF6AECC}.Release|Any CPU.Build.0 = Release|Any CPU
		{46A36301-B93A-40E9-82D3-E3EC8178AD0D}.Debug|Any CPU.ActiveCfg = Debug|Any CPU
		{46A36301-B93A-40E9-82D3-E3EC8178AD0D}.Debug|Any CPU.Build.0 = Debug|Any CPU
		{46A36301-B93A-40E9-82D3-E3EC8178AD0D}.Release|Any CPU.ActiveCfg = Release|Any CPU
		{46A36301-B93A-40E9-82D3-E3EC8178AD0D}.Release|Any CPU.Build.0 = Release|Any CPU
	EndGlobalSection
	GlobalSection(SolutionProperties) = preSolution
		HideSolutionNode = FALSE
	EndGlobalSection
	GlobalSection(ExtensibilityGlobals) = postSolution
		SolutionGuid = {CE999573-D340-49B8-A87B-67673151E855}
	EndGlobalSection
EndGlobal
