
Microsoft Visual Studio Solution File, Format Version 12.00
# Visual Studio Express 15 for Windows Desktop
VisualStudioVersion = 15.0.28307.1259
MinimumVisualStudioVersion = 10.0.40219.1
Project("{FAE04EC0-301F-11D3-BF4B-00C04F79EFBC}") = "ClasesAbstractas", "ClasesAbstractas\ClasesAbstractas.csproj", "{CE3FABCB-FC99-4222-B117-3F968594D2FC}"
EndProject
Project("{FAE04EC0-301F-11D3-BF4B-00C04F79EFBC}") = "ClasesInstanciables", "ClasesInstanciables\ClasesInstanciables.csproj", "{3AA27C3C-077D-4ABD-9ACD-9BA91E3AA7B5}"
EndProject
Project("{FAE04EC0-301F-11D3-BF4B-00C04F79EFBC}") = "Excepciones", "Excepciones\Excepciones.csproj", "{2ABA9847-D468-46DE-A6BF-A96BC09F6516}"
EndProject
Project("{FAE04EC0-301F-11D3-BF4B-00C04F79EFBC}") = "Archivos", "Archivos\Archivos.csproj", "{0A0B091B-A7A4-41DA-B8DF-FB090E363BC2}"
EndProject
Project("{FAE04EC0-301F-11D3-BF4B-00C04F79EFBC}") = "Carranza.Ezequiel.2C.TP3", "Carranza.Ezequiel.2C.TP3\Carranza.Ezequiel.2C.TP3.csproj", "{613D1FF5-1D41-46C7-BC0A-49699E5740EC}"
EndProject
Project("{FAE04EC0-301F-11D3-BF4B-00C04F79EFBC}") = "Test", "Test\Test.csproj", "{12F8036E-170E-433D-9AC9-F4561D35E374}"
EndProject
Global
	GlobalSection(SolutionConfigurationPlatforms) = preSolution
		Debug|Any CPU = Debug|Any CPU
		Release|Any CPU = Release|Any CPU
	EndGlobalSection
	GlobalSection(ProjectConfigurationPlatforms) = postSolution
		{CE3FABCB-FC99-4222-B117-3F968594D2FC}.Debug|Any CPU.ActiveCfg = Debug|Any CPU
		{CE3FABCB-FC99-4222-B117-3F968594D2FC}.Debug|Any CPU.Build.0 = Debug|Any CPU
		{CE3FABCB-FC99-4222-B117-3F968594D2FC}.Release|Any CPU.ActiveCfg = Release|Any CPU
		{CE3FABCB-FC99-4222-B117-3F968594D2FC}.Release|Any CPU.Build.0 = Release|Any CPU
		{3AA27C3C-077D-4ABD-9ACD-9BA91E3AA7B5}.Debug|Any CPU.ActiveCfg = Debug|Any CPU
		{3AA27C3C-077D-4ABD-9ACD-9BA91E3AA7B5}.Debug|Any CPU.Build.0 = Debug|Any CPU
		{3AA27C3C-077D-4ABD-9ACD-9BA91E3AA7B5}.Release|Any CPU.ActiveCfg = Release|Any CPU
		{3AA27C3C-077D-4ABD-9ACD-9BA91E3AA7B5}.Release|Any CPU.Build.0 = Release|Any CPU
		{2ABA9847-D468-46DE-A6BF-A96BC09F6516}.Debug|Any CPU.ActiveCfg = Debug|Any CPU
		{2ABA9847-D468-46DE-A6BF-A96BC09F6516}.Debug|Any CPU.Build.0 = Debug|Any CPU
		{2ABA9847-D468-46DE-A6BF-A96BC09F6516}.Release|Any CPU.ActiveCfg = Release|Any CPU
		{2ABA9847-D468-46DE-A6BF-A96BC09F6516}.Release|Any CPU.Build.0 = Release|Any CPU
		{0A0B091B-A7A4-41DA-B8DF-FB090E363BC2}.Debug|Any CPU.ActiveCfg = Debug|Any CPU
		{0A0B091B-A7A4-41DA-B8DF-FB090E363BC2}.Debug|Any CPU.Build.0 = Debug|Any CPU
		{0A0B091B-A7A4-41DA-B8DF-FB090E363BC2}.Release|Any CPU.ActiveCfg = Release|Any CPU
		{0A0B091B-A7A4-41DA-B8DF-FB090E363BC2}.Release|Any CPU.Build.0 = Release|Any CPU
		{613D1FF5-1D41-46C7-BC0A-49699E5740EC}.Debug|Any CPU.ActiveCfg = Debug|Any CPU
		{613D1FF5-1D41-46C7-BC0A-49699E5740EC}.Debug|Any CPU.Build.0 = Debug|Any CPU
		{613D1FF5-1D41-46C7-BC0A-49699E5740EC}.Release|Any CPU.ActiveCfg = Release|Any CPU
		{613D1FF5-1D41-46C7-BC0A-49699E5740EC}.Release|Any CPU.Build.0 = Release|Any CPU
		{12F8036E-170E-433D-9AC9-F4561D35E374}.Debug|Any CPU.ActiveCfg = Debug|Any CPU
		{12F8036E-170E-433D-9AC9-F4561D35E374}.Debug|Any CPU.Build.0 = Debug|Any CPU
		{12F8036E-170E-433D-9AC9-F4561D35E374}.Release|Any CPU.ActiveCfg = Release|Any CPU
		{12F8036E-170E-433D-9AC9-F4561D35E374}.Release|Any CPU.Build.0 = Release|Any CPU
	EndGlobalSection
	GlobalSection(SolutionProperties) = preSolution
		HideSolutionNode = FALSE
	EndGlobalSection
	GlobalSection(ExtensibilityGlobals) = postSolution
		SolutionGuid = {97A8D941-F5C7-4071-B2C5-D8CEC554756F}
	EndGlobalSection
EndGlobal
